
Microsoft Visual Studio Solution File, Format Version 12.00
# Visual Studio 15
Project("{FAE04EC0-301F-11D3-BF4B-00C04F79EFBC}") = "Snake", "Snake\Snake.csproj", "{961252E8-4910-45D5-84A9-C3FD4F40C8AF}"
EndProject
Global
	GlobalSection(SolutionConfigurationPlatforms) = preSolution
		Debug|Any CPU = Debug|Any CPU
		Release|Any CPU = Release|Any CPU
	EndGlobalSection
	GlobalSection(ProjectConfigurationPlatforms) = postSolution
		{961252E8-4910-45D5-84A9-C3FD4F40C8AF}.Debug|Any CPU.ActiveCfg = Debug|Any CPU
		{961252E8-4910-45D5-84A9-C3FD4F40C8AF}.Debug|Any CPU.Build.0 = Debug|Any CPU
		{961252E8-4910-45D5-84A9-C3FD4F40C8AF}.Release|Any CPU.ActiveCfg = Release|Any CPU
		{961252E8-4910-45D5-84A9-C3FD4F40C8AF}.Release|Any CPU.Build.0 = Release|Any CPU
	EndGlobalSection
EndGlobal
