
Microsoft Visual Studio Solution File, Format Version 12.00
# Visual Studio Version 16
VisualStudioVersion = 16.0.29123.88
MinimumVisualStudioVersion = 10.0.40219.1
Project("{FAE04EC0-301F-11D3-BF4B-00C04F79EFBC}") = "Snake", "Snake\Snake.csproj", "{23AD0DC0-1E43-47CE-8143-E4181040C257}"
EndProject
Global
	GlobalSection(SolutionConfigurationPlatforms) = preSolution
		Debug|Any CPU = Debug|Any CPU
		Release|Any CPU = Release|Any CPU
	EndGlobalSection
	GlobalSection(ProjectConfigurationPlatforms) = postSolution
		{23AD0DC0-1E43-47CE-8143-E4181040C257}.Debug|Any CPU.ActiveCfg = Debug|Any CPU
		{23AD0DC0-1E43-47CE-8143-E4181040C257}.Debug|Any CPU.Build.0 = Debug|Any CPU
		{23AD0DC0-1E43-47CE-8143-E4181040C257}.Release|Any CPU.ActiveCfg = Release|Any CPU
		{23AD0DC0-1E43-47CE-8143-E4181040C257}.Release|Any CPU.Build.0 = Release|Any CPU
	EndGlobalSection
	GlobalSection(SolutionProperties) = preSolution
		HideSolutionNode = FALSE
	EndGlobalSection
	GlobalSection(ExtensibilityGlobals) = postSolution
		SolutionGuid = {AF6EA2E6-30FF-40F1-9B36-B752A6A98E69}
	EndGlobalSection
EndGlobal
